
Microsoft Visual Studio Solution File, Format Version 12.00
# Visual Studio Version 17
VisualStudioVersion = 17.5.002.0
MinimumVisualStudioVersion = 10.0.40219.1
Project("{9A19103F-16F7-4668-BE54-9A1E7A4F7556}") = "MinimalApiTodoApi", "MinimalApiTodoApi.csproj", "{A07B3492-FBB3-42FE-8E62-87D479E263B0}"
EndProject
Project("{FAE04EC0-301F-11D3-BF4B-00C04F79EFBC}") = "minimalApiNew", "..\minimalApiNew\minimalApiNew.csproj", "{2F9698BA-7065-44CA-BC9B-D7547F1A3200}"
EndProject
Global
	GlobalSection(SolutionConfigurationPlatforms) = preSolution
		Debug|Any CPU = Debug|Any CPU
		Release|Any CPU = Release|Any CPU
	EndGlobalSection
	GlobalSection(ProjectConfigurationPlatforms) = postSolution
		{A07B3492-FBB3-42FE-8E62-87D479E263B0}.Debug|Any CPU.ActiveCfg = Debug|Any CPU
		{A07B3492-FBB3-42FE-8E62-87D479E263B0}.Debug|Any CPU.Build.0 = Debug|Any CPU
		{A07B3492-FBB3-42FE-8E62-87D479E263B0}.Release|Any CPU.ActiveCfg = Release|Any CPU
		{A07B3492-FBB3-42FE-8E62-87D479E263B0}.Release|Any CPU.Build.0 = Release|Any CPU
		{2F9698BA-7065-44CA-BC9B-D7547F1A3200}.Debug|Any CPU.ActiveCfg = Debug|Any CPU
		{2F9698BA-7065-44CA-BC9B-D7547F1A3200}.Debug|Any CPU.Build.0 = Debug|Any CPU
		{2F9698BA-7065-44CA-BC9B-D7547F1A3200}.Release|Any CPU.ActiveCfg = Release|Any CPU
		{2F9698BA-7065-44CA-BC9B-D7547F1A3200}.Release|Any CPU.Build.0 = Release|Any CPU
	EndGlobalSection
	GlobalSection(SolutionProperties) = preSolution
		HideSolutionNode = FALSE
	EndGlobalSection
	GlobalSection(ExtensibilityGlobals) = postSolution
		SolutionGuid = {9AFD8E09-E0BD-4E8B-A20E-5B76887A81B5}
	EndGlobalSection
EndGlobal
